
Microsoft Visual Studio Solution File, Format Version 12.00
# Visual Studio 2012
Project("{8BC9CEB8-8B4A-11D0-8D11-00A0C91BC942}") = "Adv Prog Project Prototype", "Adv Prog Project Prototype\Adv Prog Project Prototype.vcxproj", "{118BE0A4-BDBD-4148-9FA1-F0070FBE8FDA}"
EndProject
Global
	GlobalSection(SolutionConfigurationPlatforms) = preSolution
		Debug|Win32 = Debug|Win32
		Release|Win32 = Release|Win32
	EndGlobalSection
	GlobalSection(ProjectConfigurationPlatforms) = postSolution
		{118BE0A4-BDBD-4148-9FA1-F0070FBE8FDA}.Debug|Win32.ActiveCfg = Debug|Win32
		{118BE0A4-BDBD-4148-9FA1-F0070FBE8FDA}.Debug|Win32.Build.0 = Debug|Win32
		{118BE0A4-BDBD-4148-9FA1-F0070FBE8FDA}.Release|Win32.ActiveCfg = Release|Win32
		{118BE0A4-BDBD-4148-9FA1-F0070FBE8FDA}.Release|Win32.Build.0 = Release|Win32
	EndGlobalSection
	GlobalSection(SolutionProperties) = preSolution
		HideSolutionNode = FALSE
	EndGlobalSection
EndGlobal
